Microsoft Visual Studio Solution File, Format Version 12.00
# Visual Studio Version 17
VisualStudioVersion = 17.5.2.0
MinimumVisualStudioVersion = 10.0.40219.1
Project("{FAE04EC0-301F-11D3-BF4B-00C04F79EFBC}") = "MonitoramentoDeBicicletas", "MonitoramentoDeBicicletas.csproj", "{108A8EE6-9572-643A-DAF3-048BBA7A835C}"
EndProject
Global
	GlobalSection(SolutionConfigurationPlatforms) = preSolution
		Debug|Any CPU = Debug|Any CPU
		Release|Any CPU = Release|Any CPU
	EndGlobalSection
	GlobalSection(ProjectConfigurationPlatforms) = postSolution
		{108A8EE6-9572-643A-DAF3-048BBA7A835C}.Debug|Any CPU.ActiveCfg = Debug|Any CPU
		{108A8EE6-9572-643A-DAF3-048BBA7A835C}.Debug|Any CPU.Build.0 = Debug|Any CPU
		{108A8EE6-9572-643A-DAF3-048BBA7A835C}.Release|Any CPU.ActiveCfg = Release|Any CPU
		{108A8EE6-9572-643A-DAF3-048BBA7A835C}.Release|Any CPU.Build.0 = Release|Any CPU
	EndGlobalSection
	GlobalSection(SolutionProperties) = preSolution
		HideSolutionNode = FALSE
	EndGlobalSection
	GlobalSection(ExtensibilityGlobals) = postSolution
		SolutionGuid = {3FD1A366-B013-46FE-B55B-33EC7122084A}
	EndGlobalSection
EndGlobal
